{
  "version": 4,
  "terraform_version": "1.15.4",
  "serial": 25,
  "lineage": "f3c4bc74-f85f-bd11-4d34-67a0e37331db",
  "outputs": {
    "api_endpoint": {
      "value": "https://nywrqf0pul.execute-api.us-east-1.amazonaws.com",
      "type": "string"
    },
    "dynamodb_table_arn": {
      "value": "arn:aws:dynamodb:us-east-1:191719526151:table/voidmap_ephemeral_signals",
      "type": "string"
    },
    "read_lambda_arn": {
      "value": "arn:aws:lambda:us-east-1:191719526151:function:voidmap-read-aggregation",
      "type": "string"
    },
    "write_lambda_arn": {
      "value": "arn:aws:lambda:us-east-1:191719526151:function:voidmap-write-signal",
      "type": "string"
    }
  },
  "resources": [
    {
      "mode": "data",
      "type": "archive_file",
      "name": "read_lambda_zip",
      "provider": "provider[\"registry.terraform.io/hashicorp/archive\"]",
      "instances": [
        {
          "schema_version": 0,
          "attributes": {
            "exclude_symlink_directories": null,
            "excludes": null,
            "id": "3c397f9d25b9d1685c78725fb5b4a0c0a9335492",
            "output_base64sha256": "mnoiy11EcCeuWZMQmFMtK5LI1T0Tv8MmEFnVrieWAnU=",
            "output_base64sha512": "ZklDtwBLuWHDuxa5y6seVwtNxGU8HwmsHqddiANoMtalTHpgiVXSUwFDbGAOL879UcVaoq/7USQ/ll4Lg7BZ6w==",
            "output_file_mode": null,
            "output_md5": "5c1a9233a5d311098134a60b11daf6b1",
            "output_path": "./read_aggregation.zip",
            "output_sha": "3c397f9d25b9d1685c78725fb5b4a0c0a9335492",
            "output_sha256": "9a7a22cb5d447027ae59931098532d2b92c8d53d13bfc3261059d5ae27960275",
            "output_sha512": "664943b7004bb961c3bb16b9cbab1e570b4dc4653c1f09ac1ea75d88036832d6a54c7a608955d25301436c600e2fcefd51c55aa2affb51243f965e0b83b059eb",
            "output_size": 1466,
            "source": [],
            "source_content": null,
            "source_content_filename": null,
            "source_dir": null,
            "source_file": "./../lambdas/read_aggregation/handler.py",
            "type": "zip"
          },
          "sensitive_attributes": [],
          "identity_schema_version": 0
        }
      ]
    },
    {
      "mode": "data",
      "type": "archive_file",
      "name": "write_lambda_zip",
      "provider": "provider[\"registry.terraform.io/hashicorp/archive\"]",
      "instances": [
        {
          "schema_version": 0,
          "attributes": {
            "exclude_symlink_directories": null,
            "excludes": null,
            "id": "37187cdd2cf4e2f00d6c9218bed83a651e64d645",
            "output_base64sha256": "8NSOKH4WzrTinqrAA9DWXU2mUmX2WVPi8F/lN6woQmU=",
            "output_base64sha512": "yB8cggjAjUVNVMxXDSwD1Lg14ophfICHvVjiAG1stjwmyehH9Aiqjwm6ncpiXTZAsPBYTmBmTDqq5K2w8TNvYg==",
            "output_file_mode": null,
            "output_md5": "4d5318a5e135d279f348504de53d2cb2",
            "output_path": "./write_signal.zip",
            "output_sha": "37187cdd2cf4e2f00d6c9218bed83a651e64d645",
            "output_sha256": "f0d48e287e16ceb4e29eaac003d0d65d4da65265f65953e2f05fe537ac284265",
            "output_sha512": "c81f1c8208c08d454d54cc570d2c03d4b835e28a617c8087bd58e2006d6cb63c26c9e847f408aa8f09ba9dca625d3640b0f0584e60664c3aaae4adb0f1336f62",
            "output_size": 1327,
            "source": [],
            "source_content": null,
            "source_content_filename": null,
            "source_dir": null,
            "source_file": "./../lambdas/write_signal/handler.py",
            "type": "zip"
          },
          "sensitive_attributes": [],
          "identity_schema_version": 0
        }
      ]
    },
    {
      "mode": "managed",
      "type": "aws_apigatewayv2_api",
      "name": "http_api",
      "provider": "provider[\"registry.terraform.io/hashicorp/aws\"]",
      "instances": [
        {
          "schema_version": 0,
          "attributes": {
            "api_endpoint": "https://nywrqf0pul.execute-api.us-east-1.amazonaws.com",
            "api_key_selection_expression": "$request.header.x-api-key",
            "arn": "arn:aws:apigateway:us-east-1::/apis/nywrqf0pul",
            "body": null,
            "cors_configuration": [],
            "credentials_arn": null,
            "description": "",
            "disable_execute_api_endpoint": false,
            "execution_arn": "arn:aws:execute-api:us-east-1:191719526151:nywrqf0pul",
            "fail_on_warnings": null,
            "id": "nywrqf0pul",
            "ip_address_type": "ipv4",
            "name": "voidmap-http-api",
            "protocol_type": "HTTP",
            "route_key": null,
            "route_selection_expression": "$request.method $request.path",
            "tags": {
              "Environment": "dev",
              "Project": "VOID-MAP"
            },
            "tags_all": {
              "Environment": "dev",
              "Project": "VOID-MAP"
            },
            "target": null,
            "version": ""
          },
          "sensitive_attributes": [],
          "identity_schema_version": 0,
          "private": "bnVsbA=="
        }
      ]
    },
    {
      "mode": "managed",
      "type": "aws_apigatewayv2_integration",
      "name": "read_integration",
      "provider": "provider[\"registry.terraform.io/hashicorp/aws\"]",
      "instances": [
        {
          "schema_version": 0,
          "attributes": {
            "api_id": "nywrqf0pul",
            "connection_id": "",
            "connection_type": "INTERNET",
            "content_handling_strategy": "",
            "credentials_arn": "",
            "description": "",
            "id": "y91yg4d",
            "integration_method": "POST",
            "integration_response_selection_expression": "",
            "integration_subtype": "",
            "integration_type": "AWS_PROXY",
            "integration_uri": "arn:aws:apigateway:us-east-1:lambda:path/2015-03-31/functions/arn:aws:lambda:us-east-1:191719526151:function:voidmap-read-aggregation/invocations",
            "passthrough_behavior": "",
            "payload_format_version": "2.0",
            "request_parameters": null,
            "request_templates": null,
            "response_parameters": [],
            "template_selection_expression": "",
            "timeout_milliseconds": 30000,
            "tls_config": []
          },
          "sensitive_attributes": [],
          "identity_schema_version": 0,
          "private": "bnVsbA==",
          "dependencies": [
            "aws_apigatewayv2_api.http_api",
            "aws_iam_role.read_lambda_role",
            "aws_lambda_function.read_aggregation",
            "data.archive_file.read_lambda_zip"
          ]
        }
      ]
    },
    {
      "mode": "managed",
      "type": "aws_apigatewayv2_integration",
      "name": "write_integration",
      "provider": "provider[\"registry.terraform.io/hashicorp/aws\"]",
      "instances": [
        {
          "schema_version": 0,
          "attributes": {
            "api_id": "nywrqf0pul",
            "connection_id": "",
            "connection_type": "INTERNET",
            "content_handling_strategy": "",
            "credentials_arn": "",
            "description": "",
            "id": "m3o7wpg",
            "integration_method": "POST",
            "integration_response_selection_expression": "",
            "integration_subtype": "",
            "integration_type": "AWS_PROXY",
            "integration_uri": "arn:aws:apigateway:us-east-1:lambda:path/2015-03-31/functions/arn:aws:lambda:us-east-1:191719526151:function:voidmap-write-signal/invocations",
            "passthrough_behavior": "",
            "payload_format_version": "2.0",
            "request_parameters": {},
            "request_templates": {},
            "response_parameters": [],
            "template_selection_expression": "",
            "timeout_milliseconds": 30000,
            "tls_config": []
          },
          "sensitive_attributes": [],
          "identity_schema_version": 0,
          "private": "bnVsbA==",
          "dependencies": [
            "aws_apigatewayv2_api.http_api",
            "aws_iam_role.write_lambda_role",
            "aws_lambda_function.write_signal",
            "data.archive_file.write_lambda_zip"
          ]
        }
      ]
    },
    {
      "mode": "managed",
      "type": "aws_apigatewayv2_route",
      "name": "options_read_route",
      "provider": "provider[\"registry.terraform.io/hashicorp/aws\"]",
      "instances": [
        {
          "schema_version": 0,
          "attributes": {
            "api_id": "nywrqf0pul",
            "api_key_required": false,
            "authorization_scopes": null,
            "authorization_type": "NONE",
            "authorizer_id": "",
            "id": "fplmpda",
            "model_selection_expression": "",
            "operation_name": "",
            "request_models": null,
            "request_parameter": [],
            "route_key": "OPTIONS /quiet/{geo}",
            "route_response_selection_expression": "",
            "target": "integrations/y91yg4d"
          },
          "sensitive_attributes": [],
          "identity_schema_version": 0,
          "private": "bnVsbA==",
          "dependencies": [
            "aws_apigatewayv2_api.http_api",
            "aws_apigatewayv2_integration.read_integration",
            "aws_iam_role.read_lambda_role",
            "aws_lambda_function.read_aggregation",
            "data.archive_file.read_lambda_zip"
          ]
        }
      ]
    },
    {
      "mode": "managed",
      "type": "aws_apigatewayv2_route",
      "name": "options_write_route",
      "provider": "provider[\"registry.terraform.io/hashicorp/aws\"]",
      "instances": [
        {
          "schema_version": 0,
          "attributes": {
            "api_id": "nywrqf0pul",
            "api_key_required": false,
            "authorization_scopes": [],
            "authorization_type": "NONE",
            "authorizer_id": "",
            "id": "9bp6fyi",
            "model_selection_expression": "",
            "operation_name": "",
            "request_models": {},
            "request_parameter": [],
            "route_key": "OPTIONS /signal",
            "route_response_selection_expression": "",
            "target": "integrations/m3o7wpg"
          },
          "sensitive_attributes": [],
          "identity_schema_version": 0,
          "private": "bnVsbA==",
          "dependencies": [
            "aws_apigatewayv2_api.http_api",
            "aws_apigatewayv2_integration.write_integration",
            "aws_iam_role.write_lambda_role",
            "aws_lambda_function.write_signal",
            "data.archive_file.write_lambda_zip"
          ]
        }
      ]
    },
    {
      "mode": "managed",
      "type": "aws_apigatewayv2_route",
      "name": "read_route",
      "provider": "provider[\"registry.terraform.io/hashicorp/aws\"]",
      "instances": [
        {
          "schema_version": 0,
          "attributes": {
            "api_id": "nywrqf0pul",
            "api_key_required": false,
            "authorization_scopes": null,
            "authorization_type": "NONE",
            "authorizer_id": "",
            "id": "263fv1h",
            "model_selection_expression": "",
            "operation_name": "",
            "request_models": null,
            "request_parameter": [],
            "route_key": "GET /quiet/{geo}",
            "route_response_selection_expression": "",
            "target": "integrations/y91yg4d"
          },
          "sensitive_attributes": [],
          "identity_schema_version": 0,
          "private": "bnVsbA==",
          "dependencies": [
            "aws_apigatewayv2_api.http_api",
            "aws_apigatewayv2_integration.read_integration",
            "aws_iam_role.read_lambda_role",
            "aws_lambda_function.read_aggregation",
            "data.archive_file.read_lambda_zip"
          ]
        }
      ]
    },
    {
      "mode": "managed",
      "type": "aws_apigatewayv2_route",
      "name": "write_route",
      "provider": "provider[\"registry.terraform.io/hashicorp/aws\"]",
      "instances": [
        {
          "schema_version": 0,
          "attributes": {
            "api_id": "nywrqf0pul",
            "api_key_required": false,
            "authorization_scopes": [],
            "authorization_type": "NONE",
            "authorizer_id": "",
            "id": "4ps2q4e",
            "model_selection_expression": "",
            "operation_name": "",
            "request_models": {},
            "request_parameter": [],
            "route_key": "POST /signal",
            "route_response_selection_expression": "",
            "target": "integrations/m3o7wpg"
          },
          "sensitive_attributes": [],
          "identity_schema_version": 0,
          "private": "bnVsbA==",
          "dependencies": [
            "aws_apigatewayv2_api.http_api",
            "aws_apigatewayv2_integration.write_integration",
            "aws_iam_role.write_lambda_role",
            "aws_lambda_function.write_signal",
            "data.archive_file.write_lambda_zip"
          ]
        }
      ]
    },
    {
      "mode": "managed",
      "type": "aws_apigatewayv2_stage",
      "name": "default_stage",
      "provider": "provider[\"registry.terraform.io/hashicorp/aws\"]",
      "instances": [
        {
          "schema_version": 0,
          "attributes": {
            "access_log_settings": [],
            "api_id": "nywrqf0pul",
            "arn": "arn:aws:apigateway:us-east-1::/apis/nywrqf0pul/stages/$default",
            "auto_deploy": true,
            "client_certificate_id": "",
            "default_route_settings": [
              {
                "data_trace_enabled": false,
                "detailed_metrics_enabled": false,
                "logging_level": "",
                "throttling_burst_limit": 100,
                "throttling_rate_limit": 50
              }
            ],
            "deployment_id": "",
            "description": "",
            "execution_arn": "arn:aws:execute-api:us-east-1:191719526151:nywrqf0pul/$default",
            "id": "$default",
            "invoke_url": "https://nywrqf0pul.execute-api.us-east-1.amazonaws.com/",
            "name": "$default",
            "route_settings": [
              {
                "data_trace_enabled": false,
                "detailed_metrics_enabled": false,
                "logging_level": "",
                "route_key": "GET /quiet/{geo}",
                "throttling_burst_limit": 100,
                "throttling_rate_limit": 50
              },
              {
                "data_trace_enabled": false,
                "detailed_metrics_enabled": false,
                "logging_level": "",
                "route_key": "POST /signal",
                "throttling_burst_limit": 100,
                "throttling_rate_limit": 50
              }
            ],
            "stage_variables": null,
            "tags": {
              "Environment": "dev",
              "Project": "VOID-MAP"
            },
            "tags_all": {
              "Environment": "dev",
              "Project": "VOID-MAP"
            }
          },
          "sensitive_attributes": [],
          "identity_schema_version": 0,
          "private": "bnVsbA==",
          "dependencies": [
            "aws_apigatewayv2_api.http_api",
            "aws_apigatewayv2_integration.read_integration",
            "aws_apigatewayv2_integration.write_integration",
            "aws_apigatewayv2_route.read_route",
            "aws_apigatewayv2_route.write_route",
            "aws_iam_role.read_lambda_role",
            "aws_iam_role.write_lambda_role",
            "aws_lambda_function.read_aggregation",
            "aws_lambda_function.write_signal",
            "data.archive_file.read_lambda_zip",
            "data.archive_file.write_lambda_zip"
          ]
        }
      ]
    },
    {
      "mode": "managed",
      "type": "aws_dynamodb_table",
      "name": "signals",
      "provider": "provider[\"registry.terraform.io/hashicorp/aws\"]",
      "instances": [
        {
          "schema_version": 1,
          "attributes": {
            "arn": "arn:aws:dynamodb:us-east-1:191719526151:table/voidmap_ephemeral_signals",
            "attribute": [
              {
                "name": "geo",
                "type": "S"
              },
              {
                "name": "ts",
                "type": "N"
              }
            ],
            "billing_mode": "PAY_PER_REQUEST",
            "deletion_protection_enabled": false,
            "global_secondary_index": [],
            "hash_key": "geo",
            "id": "voidmap_ephemeral_signals",
            "import_table": [],
            "local_secondary_index": [],
            "name": "voidmap_ephemeral_signals",
            "on_demand_throughput": [],
            "point_in_time_recovery": [
              {
                "enabled": false,
                "recovery_period_in_days": 0
              }
            ],
            "range_key": "ts",
            "read_capacity": 0,
            "replica": [],
            "restore_date_time": null,
            "restore_source_name": null,
            "restore_source_table_arn": null,
            "restore_to_latest_time": null,
            "server_side_encryption": [],
            "stream_arn": "",
            "stream_enabled": false,
            "stream_label": "",
            "stream_view_type": "",
            "table_class": "STANDARD",
            "tags": {
              "Environment": "dev",
              "Project": "VOID-MAP"
            },
            "tags_all": {
              "Environment": "dev",
              "Project": "VOID-MAP"
            },
            "timeouts": null,
            "ttl": [
              {
                "attribute_name": "expires_at",
                "enabled": true
              }
            ],
            "write_capacity": 0
          },
          "sensitive_attributes": [],
          "identity_schema_version": 0,
          "private": "eyJlMmJmYjczMC1lY2FhLTExZTYtOGY4OC0zNDM2M2JjN2M0YzAiOnsiY3JlYXRlIjoxODAwMDAwMDAwMDAwLCJkZWxldGUiOjYwMDAwMDAwMDAwMCwidXBkYXRlIjozNjAwMDAwMDAwMDAwfSwic2NoZW1hX3ZlcnNpb24iOiIxIn0="
        }
      ]
    },
    {
      "mode": "managed",
      "type": "aws_iam_policy",
      "name": "read_lambda_policy",
      "provider": "provider[\"registry.terraform.io/hashicorp/aws\"]",
      "instances": [
        {
          "schema_version": 0,
          "attributes": {
            "arn": "arn:aws:iam::191719526151:policy/voidmap-read-aggregation-policy",
            "attachment_count": 0,
            "description": "Policy for Void Map Read Lambda to query DynamoDB and log to CloudWatch",
            "id": "arn:aws:iam::191719526151:policy/voidmap-read-aggregation-policy",
            "name": "voidmap-read-aggregation-policy",
            "name_prefix": "",
            "path": "/",
            "policy": "{\"Statement\":[{\"Action\":[\"dynamodb:Query\"],\"Effect\":\"Allow\",\"Resource\":\"arn:aws:dynamodb:us-east-1:191719526151:table/voidmap_ephemeral_signals\"},{\"Action\":[\"logs:CreateLogGroup\",\"logs:CreateLogStream\",\"logs:PutLogEvents\"],\"Effect\":\"Allow\",\"Resource\":\"arn:aws:logs:*:*:*\"}],\"Version\":\"2012-10-17\"}",
            "policy_id": "ANPASZI27Z4D4XHTEE7GH",
            "tags": null,
            "tags_all": {}
          },
          "sensitive_attributes": [],
          "identity_schema_version": 0,
          "private": "bnVsbA==",
          "dependencies": [
            "aws_dynamodb_table.signals"
          ]
        }
      ]
    },
    {
      "mode": "managed",
      "type": "aws_iam_policy",
      "name": "write_lambda_policy",
      "provider": "provider[\"registry.terraform.io/hashicorp/aws\"]",
      "instances": [
        {
          "schema_version": 0,
          "attributes": {
            "arn": "arn:aws:iam::191719526151:policy/voidmap-write-signal-policy",
            "attachment_count": 0,
            "description": "Policy for Void Map Write Lambda to put items into DynamoDB and log to CloudWatch",
            "id": "arn:aws:iam::191719526151:policy/voidmap-write-signal-policy",
            "name": "voidmap-write-signal-policy",
            "name_prefix": "",
            "path": "/",
            "policy": "{\"Statement\":[{\"Action\":[\"dynamodb:PutItem\"],\"Effect\":\"Allow\",\"Resource\":\"arn:aws:dynamodb:us-east-1:191719526151:table/voidmap_ephemeral_signals\"},{\"Action\":[\"logs:CreateLogGroup\",\"logs:CreateLogStream\",\"logs:PutLogEvents\"],\"Effect\":\"Allow\",\"Resource\":\"arn:aws:logs:*:*:*\"}],\"Version\":\"2012-10-17\"}",
            "policy_id": "ANPASZI27Z4D2KHYG74MQ",
            "tags": null,
            "tags_all": {}
          },
          "sensitive_attributes": [],
          "identity_schema_version": 0,
          "private": "bnVsbA==",
          "dependencies": [
            "aws_dynamodb_table.signals"
          ]
        }
      ]
    },
    {
      "mode": "managed",
      "type": "aws_iam_role",
      "name": "read_lambda_role",
      "provider": "provider[\"registry.terraform.io/hashicorp/aws\"]",
      "instances": [
        {
          "schema_version": 0,
          "attributes": {
            "arn": "arn:aws:iam::191719526151:role/voidmap-read-aggregation-role",
            "assume_role_policy": "{\"Statement\":[{\"Action\":\"sts:AssumeRole\",\"Effect\":\"Allow\",\"Principal\":{\"Service\":\"lambda.amazonaws.com\"}}],\"Version\":\"2012-10-17\"}",
            "create_date": "2026-05-27T17:02:44Z",
            "description": "",
            "force_detach_policies": false,
            "id": "voidmap-read-aggregation-role",
            "inline_policy": [],
            "managed_policy_arns": [],
            "max_session_duration": 3600,
            "name": "voidmap-read-aggregation-role",
            "name_prefix": "",
            "path": "/",
            "permissions_boundary": "",
            "tags": {},
            "tags_all": {},
            "unique_id": "AROASZI27Z4D34IOLDCJY"
          },
          "sensitive_attributes": [],
          "identity_schema_version": 0,
          "private": "bnVsbA=="
        }
      ]
    },
    {
      "mode": "managed",
      "type": "aws_iam_role",
      "name": "write_lambda_role",
      "provider": "provider[\"registry.terraform.io/hashicorp/aws\"]",
      "instances": [
        {
          "schema_version": 0,
          "attributes": {
            "arn": "arn:aws:iam::191719526151:role/voidmap-write-signal-role",
            "assume_role_policy": "{\"Statement\":[{\"Action\":\"sts:AssumeRole\",\"Effect\":\"Allow\",\"Principal\":{\"Service\":\"lambda.amazonaws.com\"}}],\"Version\":\"2012-10-17\"}",
            "create_date": "2026-05-27T17:02:44Z",
            "description": "",
            "force_detach_policies": false,
            "id": "voidmap-write-signal-role",
            "inline_policy": [],
            "managed_policy_arns": [],
            "max_session_duration": 3600,
            "name": "voidmap-write-signal-role",
            "name_prefix": "",
            "path": "/",
            "permissions_boundary": "",
            "tags": {},
            "tags_all": {},
            "unique_id": "AROASZI27Z4DVTEGB5M6Z"
          },
          "sensitive_attributes": [],
          "identity_schema_version": 0,
          "private": "bnVsbA=="
        }
      ]
    },
    {
      "mode": "managed",
      "type": "aws_iam_role_policy_attachment",
      "name": "read_lambda_logs",
      "provider": "provider[\"registry.terraform.io/hashicorp/aws\"]",
      "instances": [
        {
          "schema_version": 0,
          "attributes": {
            "id": "voidmap-read-aggregation-role-20260527171027124300000002",
            "policy_arn": "arn:aws:iam::191719526151:policy/voidmap-read-aggregation-policy",
            "role": "voidmap-read-aggregation-role"
          },
          "sensitive_attributes": [],
          "identity_schema_version": 0,
          "private": "bnVsbA==",
          "dependencies": [
            "aws_dynamodb_table.signals",
            "aws_iam_policy.read_lambda_policy",
            "aws_iam_role.read_lambda_role"
          ]
        }
      ]
    },
    {
      "mode": "managed",
      "type": "aws_iam_role_policy_attachment",
      "name": "write_lambda_logs",
      "provider": "provider[\"registry.terraform.io/hashicorp/aws\"]",
      "instances": [
        {
          "schema_version": 0,
          "attributes": {
            "id": "voidmap-write-signal-role-20260527171027110300000001",
            "policy_arn": "arn:aws:iam::191719526151:policy/voidmap-write-signal-policy",
            "role": "voidmap-write-signal-role"
          },
          "sensitive_attributes": [],
          "identity_schema_version": 0,
          "private": "bnVsbA==",
          "dependencies": [
            "aws_dynamodb_table.signals",
            "aws_iam_policy.write_lambda_policy",
            "aws_iam_role.write_lambda_role"
          ]
        }
      ]
    },
    {
      "mode": "managed",
      "type": "aws_lambda_function",
      "name": "read_aggregation",
      "provider": "provider[\"registry.terraform.io/hashicorp/aws\"]",
      "instances": [
        {
          "schema_version": 0,
          "attributes": {
            "architectures": [
              "x86_64"
            ],
            "arn": "arn:aws:lambda:us-east-1:191719526151:function:voidmap-read-aggregation",
            "code_sha256": "mnoiy11EcCeuWZMQmFMtK5LI1T0Tv8MmEFnVrieWAnU=",
            "code_signing_config_arn": "",
            "dead_letter_config": [],
            "description": "",
            "environment": [],
            "ephemeral_storage": [
              {
                "size": 512
              }
            ],
            "file_system_config": [],
            "filename": "./read_aggregation.zip",
            "function_name": "voidmap-read-aggregation",
            "handler": "handler.lambda_handler",
            "id": "voidmap-read-aggregation",
            "image_config": [],
            "image_uri": "",
            "invoke_arn": "arn:aws:apigateway:us-east-1:lambda:path/2015-03-31/functions/arn:aws:lambda:us-east-1:191719526151:function:voidmap-read-aggregation/invocations",
            "kms_key_arn": "",
            "last_modified": "2026-05-27T17:10:26.000+0000",
            "layers": [],
            "logging_config": [
              {
                "application_log_level": "",
                "log_format": "Text",
                "log_group": "/aws/lambda/voidmap-read-aggregation",
                "system_log_level": ""
              }
            ],
            "memory_size": 128,
            "package_type": "Zip",
            "publish": false,
            "qualified_arn": "arn:aws:lambda:us-east-1:191719526151:function:voidmap-read-aggregation:$LATEST",
            "qualified_invoke_arn": "arn:aws:apigateway:us-east-1:lambda:path/2015-03-31/functions/arn:aws:lambda:us-east-1:191719526151:function:voidmap-read-aggregation:$LATEST/invocations",
            "replace_security_groups_on_destroy": null,
            "replacement_security_group_ids": null,
            "reserved_concurrent_executions": -1,
            "role": "arn:aws:iam::191719526151:role/voidmap-read-aggregation-role",
            "runtime": "python3.9",
            "s3_bucket": null,
            "s3_key": null,
            "s3_object_version": null,
            "signing_job_arn": "",
            "signing_profile_version_arn": "",
            "skip_destroy": false,
            "snap_start": [],
            "source_code_hash": "mnoiy11EcCeuWZMQmFMtK5LI1T0Tv8MmEFnVrieWAnU=",
            "source_code_size": 1466,
            "tags": {
              "Environment": "dev",
              "Project": "VOID-MAP"
            },
            "tags_all": {
              "Environment": "dev",
              "Project": "VOID-MAP"
            },
            "timeout": 10,
            "timeouts": null,
            "tracing_config": [
              {
                "mode": "PassThrough"
              }
            ],
            "version": "$LATEST",
            "vpc_config": []
          },
          "sensitive_attributes": [],
          "identity_schema_version": 0,
          "private": "eyJlMmJmYjczMC1lY2FhLTExZTYtOGY4OC0zNDM2M2JjN2M0YzAiOnsiY3JlYXRlIjo2MDAwMDAwMDAwMDAsImRlbGV0ZSI6NjAwMDAwMDAwMDAwLCJ1cGRhdGUiOjYwMDAwMDAwMDAwMH19",
          "dependencies": [
            "aws_iam_role.read_lambda_role",
            "data.archive_file.read_lambda_zip"
          ]
        }
      ]
    },
    {
      "mode": "managed",
      "type": "aws_lambda_function",
      "name": "write_signal",
      "provider": "provider[\"registry.terraform.io/hashicorp/aws\"]",
      "instances": [
        {
          "schema_version": 0,
          "attributes": {
            "architectures": [
              "x86_64"
            ],
            "arn": "arn:aws:lambda:us-east-1:191719526151:function:voidmap-write-signal",
            "code_sha256": "8NSOKH4WzrTinqrAA9DWXU2mUmX2WVPi8F/lN6woQmU=",
            "code_signing_config_arn": "",
            "dead_letter_config": [],
            "description": "",
            "environment": [],
            "ephemeral_storage": [
              {
                "size": 512
              }
            ],
            "file_system_config": [],
            "filename": "./write_signal.zip",
            "function_name": "voidmap-write-signal",
            "handler": "handler.lambda_handler",
            "id": "voidmap-write-signal",
            "image_config": [],
            "image_uri": "",
            "invoke_arn": "arn:aws:apigateway:us-east-1:lambda:path/2015-03-31/functions/arn:aws:lambda:us-east-1:191719526151:function:voidmap-write-signal/invocations",
            "kms_key_arn": "",
            "last_modified": "2026-05-27T17:02:55.807+0000",
            "layers": [],
            "logging_config": [
              {
                "application_log_level": "",
                "log_format": "Text",
                "log_group": "/aws/lambda/voidmap-write-signal",
                "system_log_level": ""
              }
            ],
            "memory_size": 128,
            "package_type": "Zip",
            "publish": false,
            "qualified_arn": "arn:aws:lambda:us-east-1:191719526151:function:voidmap-write-signal:$LATEST",
            "qualified_invoke_arn": "arn:aws:apigateway:us-east-1:lambda:path/2015-03-31/functions/arn:aws:lambda:us-east-1:191719526151:function:voidmap-write-signal:$LATEST/invocations",
            "replace_security_groups_on_destroy": null,
            "replacement_security_group_ids": null,
            "reserved_concurrent_executions": -1,
            "role": "arn:aws:iam::191719526151:role/voidmap-write-signal-role",
            "runtime": "python3.9",
            "s3_bucket": null,
            "s3_key": null,
            "s3_object_version": null,
            "signing_job_arn": "",
            "signing_profile_version_arn": "",
            "skip_destroy": false,
            "snap_start": [],
            "source_code_hash": "8NSOKH4WzrTinqrAA9DWXU2mUmX2WVPi8F/lN6woQmU=",
            "source_code_size": 1327,
            "tags": {
              "Environment": "dev",
              "Project": "VOID-MAP"
            },
            "tags_all": {
              "Environment": "dev",
              "Project": "VOID-MAP"
            },
            "timeout": 10,
            "timeouts": null,
            "tracing_config": [
              {
                "mode": "PassThrough"
              }
            ],
            "version": "$LATEST",
            "vpc_config": []
          },
          "sensitive_attributes": [],
          "identity_schema_version": 0,
          "private": "eyJlMmJmYjczMC1lY2FhLTExZTYtOGY4OC0zNDM2M2JjN2M0YzAiOnsiY3JlYXRlIjo2MDAwMDAwMDAwMDAsImRlbGV0ZSI6NjAwMDAwMDAwMDAwLCJ1cGRhdGUiOjYwMDAwMDAwMDAwMH19",
          "dependencies": [
            "aws_iam_role.write_lambda_role",
            "data.archive_file.write_lambda_zip"
          ]
        }
      ]
    },
    {
      "mode": "managed",
      "type": "aws_lambda_permission",
      "name": "apigw_read",
      "provider": "provider[\"registry.terraform.io/hashicorp/aws\"]",
      "instances": [
        {
          "schema_version": 0,
          "attributes": {
            "action": "lambda:InvokeFunction",
            "event_source_token": null,
            "function_name": "voidmap-read-aggregation",
            "function_url_auth_type": null,
            "id": "AllowAPIGatewayInvokeRead",
            "principal": "apigateway.amazonaws.com",
            "principal_org_id": null,
            "qualifier": "",
            "source_account": null,
            "source_arn": "arn:aws:execute-api:us-east-1:191719526151:nywrqf0pul/*/*",
            "statement_id": "AllowAPIGatewayInvokeRead",
            "statement_id_prefix": ""
          },
          "sensitive_attributes": [],
          "identity_schema_version": 0,
          "private": "bnVsbA==",
          "dependencies": [
            "aws_apigatewayv2_api.http_api",
            "aws_iam_role.read_lambda_role",
            "aws_lambda_function.read_aggregation",
            "data.archive_file.read_lambda_zip"
          ]
        }
      ]
    },
    {
      "mode": "managed",
      "type": "aws_lambda_permission",
      "name": "apigw_write",
      "provider": "provider[\"registry.terraform.io/hashicorp/aws\"]",
      "instances": [
        {
          "schema_version": 0,
          "attributes": {
            "action": "lambda:InvokeFunction",
            "event_source_token": null,
            "function_name": "voidmap-write-signal",
            "function_url_auth_type": null,
            "id": "AllowAPIGatewayInvokeWrite",
            "principal": "apigateway.amazonaws.com",
            "principal_org_id": null,
            "qualifier": "",
            "source_account": null,
            "source_arn": "arn:aws:execute-api:us-east-1:191719526151:nywrqf0pul/*/*",
            "statement_id": "AllowAPIGatewayInvokeWrite",
            "statement_id_prefix": ""
          },
          "sensitive_attributes": [],
          "identity_schema_version": 0,
          "private": "bnVsbA==",
          "dependencies": [
            "aws_apigatewayv2_api.http_api",
            "aws_iam_role.write_lambda_role",
            "aws_lambda_function.write_signal",
            "data.archive_file.write_lambda_zip"
          ]
        }
      ]
    }
  ],
  "check_results": null
}
